
Microsoft Visual Studio Solution File, Format Version 11.00
# Visual Studio 2010
Project("{FAE04EC0-301F-11D3-BF4B-00C04F79EFBC}") = "Assembly-CSharp", "Assembly-CSharp.csproj", "{44B74DDC-D749-EA0E-2880-4C9B96AC4890}"
EndProject
Project("{FAE04EC0-301F-11D3-BF4B-00C04F79EFBC}") = "Assembly-CSharp-Editor", "Assembly-CSharp-Editor.csproj", "{C1A9B8E2-796A-B280-DE77-7E2575DA73B4}"
EndProject
Global
	GlobalSection(SolutionConfigurationPlatforms) = preSolution
		Debug|Any CPU = Debug|Any CPU
		Release|Any CPU = Release|Any CPU
	EndGlobalSection
	GlobalSection(ProjectConfigurationPlatforms) = postSolution
		{44B74DDC-D749-EA0E-2880-4C9B96AC4890}.Debug|Any CPU.ActiveCfg = Debug|Any CPU
		{44B74DDC-D749-EA0E-2880-4C9B96AC4890}.Debug|Any CPU.Build.0 = Debug|Any CPU
		{44B74DDC-D749-EA0E-2880-4C9B96AC4890}.Release|Any CPU.ActiveCfg = Release|Any CPU
		{44B74DDC-D749-EA0E-2880-4C9B96AC4890}.Release|Any CPU.Build.0 = Release|Any CPU
		{C1A9B8E2-796A-B280-DE77-7E2575DA73B4}.Debug|Any CPU.ActiveCfg = Debug|Any CPU
		{C1A9B8E2-796A-B280-DE77-7E2575DA73B4}.Debug|Any CPU.Build.0 = Debug|Any CPU
		{C1A9B8E2-796A-B280-DE77-7E2575DA73B4}.Release|Any CPU.ActiveCfg = Release|Any CPU
		{C1A9B8E2-796A-B280-DE77-7E2575DA73B4}.Release|Any CPU.Build.0 = Release|Any CPU
	EndGlobalSection
	GlobalSection(SolutionProperties) = preSolution
		HideSolutionNode = FALSE
	EndGlobalSection
EndGlobal
